
Microsoft Visual Studio Solution File, Format Version 12.00
# Visual Studio 2012
Project("{FAE04EC0-301F-11D3-BF4B-00C04F79EFBC}") = "BovieLusBrowser", "BovieLusBrowser\BovieLusBrowser.csproj", "{F4BE12DB-0A0C-48AC-8D79-C19F3456687B}"
EndProject
Global
	GlobalSection(SolutionConfigurationPlatforms) = preSolution
		Debug|Any CPU = Debug|Any CPU
		Release|Any CPU = Release|Any CPU
	EndGlobalSection
	GlobalSection(ProjectConfigurationPlatforms) = postSolution
		{F4BE12DB-0A0C-48AC-8D79-C19F3456687B}.Debug|Any CPU.ActiveCfg = Debug|Any CPU
		{F4BE12DB-0A0C-48AC-8D79-C19F3456687B}.Debug|Any CPU.Build.0 = Debug|Any CPU
		{F4BE12DB-0A0C-48AC-8D79-C19F3456687B}.Release|Any CPU.ActiveCfg = Release|Any CPU
		{F4BE12DB-0A0C-48AC-8D79-C19F3456687B}.Release|Any CPU.Build.0 = Release|Any CPU
	EndGlobalSection
	GlobalSection(SolutionProperties) = preSolution
		HideSolutionNode = FALSE
	EndGlobalSection
EndGlobal
